
Microsoft Visual Studio Solution File, Format Version 12.00
# Visual Studio Version 16
VisualStudioVersion = 16.0.31702.278
MinimumVisualStudioVersion = 10.0.40219.1
Project("{9A19103F-16F7-4668-BE54-9A1E7A4F7556}") = "PlatformService", "PlatformService.csproj", "{863A2EDF-3D70-4752-985A-0F955962E1A7}"
EndProject
Project("{9A19103F-16F7-4668-BE54-9A1E7A4F7556}") = "CommandsService", "..\CommandsService\CommandsService.csproj", "{4C4BF40D-56E5-4E44-9320-557435CF0E67}"
EndProject
Global
	GlobalSection(SolutionConfigurationPlatforms) = preSolution
		Debug|Any CPU = Debug|Any CPU
		Release|Any CPU = Release|Any CPU
	EndGlobalSection
	GlobalSection(ProjectConfigurationPlatforms) = postSolution
		{863A2EDF-3D70-4752-985A-0F955962E1A7}.Debug|Any CPU.ActiveCfg = Debug|Any CPU
		{863A2EDF-3D70-4752-985A-0F955962E1A7}.Debug|Any CPU.Build.0 = Debug|Any CPU
		{863A2EDF-3D70-4752-985A-0F955962E1A7}.Release|Any CPU.ActiveCfg = Release|Any CPU
		{863A2EDF-3D70-4752-985A-0F955962E1A7}.Release|Any CPU.Build.0 = Release|Any CPU
		{4C4BF40D-56E5-4E44-9320-557435CF0E67}.Debug|Any CPU.ActiveCfg = Debug|Any CPU
		{4C4BF40D-56E5-4E44-9320-557435CF0E67}.Debug|Any CPU.Build.0 = Debug|Any CPU
		{4C4BF40D-56E5-4E44-9320-557435CF0E67}.Release|Any CPU.ActiveCfg = Release|Any CPU
		{4C4BF40D-56E5-4E44-9320-557435CF0E67}.Release|Any CPU.Build.0 = Release|Any CPU
	EndGlobalSection
	GlobalSection(SolutionProperties) = preSolution
		HideSolutionNode = FALSE
	EndGlobalSection
	GlobalSection(ExtensibilityGlobals) = postSolution
		SolutionGuid = {DA620035-ED4C-4DF1-8D41-E8513253A687}
	EndGlobalSection
EndGlobal
